
Microsoft Visual Studio Solution File, Format Version 12.00
# Visual Studio 15
VisualStudioVersion = 15.0.28307.1231
MinimumVisualStudioVersion = 10.0.40219.1
Project("{8BC9CEB8-8B4A-11D0-8D11-00A0C91BC942}") = "HelloCV", "HelloCV.vcxproj", "{F3955741-60AE-42CD-89FB-B341AE3E0D63}"
EndProject
Global
	GlobalSection(SolutionConfigurationPlatforms) = preSolution
		Debug|x64 = Debug|x64
		Debug|x86 = Debug|x86
		Release|x64 = Release|x64
		Release|x86 = Release|x86
	EndGlobalSection
	GlobalSection(ProjectConfigurationPlatforms) = postSolution
		{F3955741-60AE-42CD-89FB-B341AE3E0D63}.Debug|x64.ActiveCfg = Debug|x64
		{F3955741-60AE-42CD-89FB-B341AE3E0D63}.Debug|x64.Build.0 = Debug|x64
		{F3955741-60AE-42CD-89FB-B341AE3E0D63}.Debug|x86.ActiveCfg = Debug|Win32
		{F3955741-60AE-42CD-89FB-B341AE3E0D63}.Debug|x86.Build.0 = Debug|Win32
		{F3955741-60AE-42CD-89FB-B341AE3E0D63}.Release|x64.ActiveCfg = Release|x64
		{F3955741-60AE-42CD-89FB-B341AE3E0D63}.Release|x64.Build.0 = Release|x64
		{F3955741-60AE-42CD-89FB-B341AE3E0D63}.Release|x86.ActiveCfg = Release|Win32
		{F3955741-60AE-42CD-89FB-B341AE3E0D63}.Release|x86.Build.0 = Release|Win32
	EndGlobalSection
	GlobalSection(SolutionProperties) = preSolution
		HideSolutionNode = FALSE
	EndGlobalSection
	GlobalSection(ExtensibilityGlobals) = postSolution
		SolutionGuid = {D762DA77-7162-4D6E-8ABF-A6DDD3CE4491}
	EndGlobalSection
EndGlobal
